
Microsoft Visual Studio Solution File, Format Version 12.00
# Visual Studio Version 17
VisualStudioVersion = 17.8.34525.116
MinimumVisualStudioVersion = 10.0.40219.1
Project("{8BC9CEB8-8B4A-11D0-8D11-00A0C91BC942}") = "sd laba 4", "sd laba 4\sd laba 4.vcxproj", "{3043525F-1DEB-488A-A5B4-2231EE638B77}"
EndProject
Global
	GlobalSection(SolutionConfigurationPlatforms) = preSolution
		Debug|x64 = Debug|x64
		Debug|x86 = Debug|x86
		Release|x64 = Release|x64
		Release|x86 = Release|x86
	EndGlobalSection
	GlobalSection(ProjectConfigurationPlatforms) = postSolution
		{3043525F-1DEB-488A-A5B4-2231EE638B77}.Debug|x64.ActiveCfg = Debug|x64
		{3043525F-1DEB-488A-A5B4-2231EE638B77}.Debug|x64.Build.0 = Debug|x64
		{3043525F-1DEB-488A-A5B4-2231EE638B77}.Debug|x86.ActiveCfg = Debug|Win32
		{3043525F-1DEB-488A-A5B4-2231EE638B77}.Debug|x86.Build.0 = Debug|Win32
		{3043525F-1DEB-488A-A5B4-2231EE638B77}.Release|x64.ActiveCfg = Release|x64
		{3043525F-1DEB-488A-A5B4-2231EE638B77}.Release|x64.Build.0 = Release|x64
		{3043525F-1DEB-488A-A5B4-2231EE638B77}.Release|x86.ActiveCfg = Release|Win32
		{3043525F-1DEB-488A-A5B4-2231EE638B77}.Release|x86.Build.0 = Release|Win32
	EndGlobalSection
	GlobalSection(SolutionProperties) = preSolution
		HideSolutionNode = FALSE
	EndGlobalSection
	GlobalSection(ExtensibilityGlobals) = postSolution
		SolutionGuid = {DB277BA0-4AE3-4608-A8F6-106871BC485E}
	EndGlobalSection
EndGlobal
